
Microsoft Visual Studio Solution File, Format Version 12.00
# Visual Studio Version 16
VisualStudioVersion = 16.0.29403.142
MinimumVisualStudioVersion = 10.0.40219.1
Project("{FAE04EC0-301F-11D3-BF4B-00C04F79EFBC}") = "Example_AspNetCore2_2_EfCore_QueryLogging", "Example_AspNetCore2_2_EfCore_QueryLogging\Example_AspNetCore2_2_EfCore_QueryLogging.csproj", "{5B1C1554-9BA6-4AAC-A6DE-000B90FF6895}"
EndProject
Global
	GlobalSection(SolutionConfigurationPlatforms) = preSolution
		Debug|Any CPU = Debug|Any CPU
		Release|Any CPU = Release|Any CPU
	EndGlobalSection
	GlobalSection(ProjectConfigurationPlatforms) = postSolution
		{5B1C1554-9BA6-4AAC-A6DE-000B90FF6895}.Debug|Any CPU.ActiveCfg = Debug|Any CPU
		{5B1C1554-9BA6-4AAC-A6DE-000B90FF6895}.Debug|Any CPU.Build.0 = Debug|Any CPU
		{5B1C1554-9BA6-4AAC-A6DE-000B90FF6895}.Release|Any CPU.ActiveCfg = Release|Any CPU
		{5B1C1554-9BA6-4AAC-A6DE-000B90FF6895}.Release|Any CPU.Build.0 = Release|Any CPU
	EndGlobalSection
	GlobalSection(SolutionProperties) = preSolution
		HideSolutionNode = FALSE
	EndGlobalSection
	GlobalSection(ExtensibilityGlobals) = postSolution
		SolutionGuid = {0CB02A20-B9E9-479B-AE19-C1994B526C12}
	EndGlobalSection
EndGlobal
